{
  "comment": "A lockfile shape: funding and homepage links are ignored; only 'resolved' matters.",
  "lockfileVersion": 3,
  "packages": {
    "node_modules/example": {
      "version": "1.0.0",
      "resolved": "https://registry.npmjs.org/example/-/example-1.0.0.tgz",
      "funding": { "url": "https://sponsors.invalid/example" },
      "homepage": "https://example.invalid"
    }
  }
}
